
Microsoft Visual Studio Solution File, Format Version 12.00
# Visual Studio Version 17
VisualStudioVersion = 17.2.32602.215
MinimumVisualStudioVersion = 10.0.40219.1
Project("{FAE04EC0-301F-11D3-BF4B-00C04F79EFBC}") = "StructuredLoggingConverter", "StructuredLoggingConverter\StructuredLoggingConverter.csproj", "{C8A45C24-520C-46C0-BE3C-0D877CB5F476}"
EndProject
Global
	GlobalSection(SolutionConfigurationPlatforms) = preSolution
		Debug|Any CPU = Debug|Any CPU
		Release|Any CPU = Release|Any CPU
	EndGlobalSection
	GlobalSection(ProjectConfigurationPlatforms) = postSolution
		{C8A45C24-520C-46C0-BE3C-0D877CB5F476}.Debug|Any CPU.ActiveCfg = Debug|Any CPU
		{C8A45C24-520C-46C0-BE3C-0D877CB5F476}.Debug|Any CPU.Build.0 = Debug|Any CPU
		{C8A45C24-520C-46C0-BE3C-0D877CB5F476}.Release|Any CPU.ActiveCfg = Release|Any CPU
		{C8A45C24-520C-46C0-BE3C-0D877CB5F476}.Release|Any CPU.Build.0 = Release|Any CPU
	EndGlobalSection
	GlobalSection(SolutionProperties) = preSolution
		HideSolutionNode = FALSE
	EndGlobalSection
	GlobalSection(ExtensibilityGlobals) = postSolution
		SolutionGuid = {25C7C1DB-0393-4139-88E2-E99CC8A910ED}
	EndGlobalSection
EndGlobal
